
Microsoft Visual Studio Solution File, Format Version 12.00
# Visual Studio Version 16
VisualStudioVersion = 16.0.31829.152
MinimumVisualStudioVersion = 10.0.40219.1
Project("{FAE04EC0-301F-11D3-BF4B-00C04F79EFBC}") = "BlazorApp", "BlazorApp\BlazorApp.csproj", "{7B0C26A9-0556-41E6-8761-2DFB80ED72B7}"
EndProject
Project("{FAE04EC0-301F-11D3-BF4B-00C04F79EFBC}") = "WebApi", "WebApi\WebApi.csproj", "{43DBB361-82F9-4C73-96D1-2C8376DB2E92}"
EndProject
Project("{FAE04EC0-301F-11D3-BF4B-00C04F79EFBC}") = "SharedLibrary", "SharedLibrary\SharedLibrary.csproj", "{8E3BD395-457B-48C9-88DF-678597BAA676}"
EndProject
Global
	GlobalSection(SolutionConfigurationPlatforms) = preSolution
		Debug|Any CPU = Debug|Any CPU
		Release|Any CPU = Release|Any CPU
	EndGlobalSection
	GlobalSection(ProjectConfigurationPlatforms) = postSolution
		{7B0C26A9-0556-41E6-8761-2DFB80ED72B7}.Debug|Any CPU.ActiveCfg = Debug|Any CPU
		{7B0C26A9-0556-41E6-8761-2DFB80ED72B7}.Debug|Any CPU.Build.0 = Debug|Any CPU
		{7B0C26A9-0556-41E6-8761-2DFB80ED72B7}.Release|Any CPU.ActiveCfg = Release|Any CPU
		{7B0C26A9-0556-41E6-8761-2DFB80ED72B7}.Release|Any CPU.Build.0 = Release|Any CPU
		{43DBB361-82F9-4C73-96D1-2C8376DB2E92}.Debug|Any CPU.ActiveCfg = Debug|Any CPU
		{43DBB361-82F9-4C73-96D1-2C8376DB2E92}.Debug|Any CPU.Build.0 = Debug|Any CPU
		{43DBB361-82F9-4C73-96D1-2C8376DB2E92}.Release|Any CPU.ActiveCfg = Release|Any CPU
		{43DBB361-82F9-4C73-96D1-2C8376DB2E92}.Release|Any CPU.Build.0 = Release|Any CPU
		{8E3BD395-457B-48C9-88DF-678597BAA676}.Debug|Any CPU.ActiveCfg = Debug|Any CPU
		{8E3BD395-457B-48C9-88DF-678597BAA676}.Debug|Any CPU.Build.0 = Debug|Any CPU
		{8E3BD395-457B-48C9-88DF-678597BAA676}.Release|Any CPU.ActiveCfg = Release|Any CPU
		{8E3BD395-457B-48C9-88DF-678597BAA676}.Release|Any CPU.Build.0 = Release|Any CPU
	EndGlobalSection
	GlobalSection(SolutionProperties) = preSolution
		HideSolutionNode = FALSE
	EndGlobalSection
	GlobalSection(ExtensibilityGlobals) = postSolution
		SolutionGuid = {25206BB8-3289-41E6-8FC2-7DD3091C80C2}
	EndGlobalSection
EndGlobal
